
Microsoft Visual Studio Solution File, Format Version 12.00
# Visual Studio Version 16
VisualStudioVersion = 16.0.30907.101
MinimumVisualStudioVersion = 10.0.40219.1
Project("{9A19103F-16F7-4668-BE54-9A1E7A4F7556}") = "VacationTrackerApi", "API\VacationTrackerApi.csproj", "{E65A31FC-A5CA-4567-AB34-81645CC93BCE}"
EndProject
Project("{9A19103F-16F7-4668-BE54-9A1E7A4F7556}") = "Contracts", "Contracts\Contracts.csproj", "{57183ED0-BE9D-4221-BF87-DFC4582A343F}"
EndProject
Project("{9A19103F-16F7-4668-BE54-9A1E7A4F7556}") = "Database", "Database\Database.csproj", "{03B1C675-A2D0-4286-80D8-C36FD6A1F0B5}"
EndProject
Global
	GlobalSection(SolutionConfigurationPlatforms) = preSolution
		Debug|Any CPU = Debug|Any CPU
		Release|Any CPU = Release|Any CPU
	EndGlobalSection
	GlobalSection(ProjectConfigurationPlatforms) = postSolution
		{E65A31FC-A5CA-4567-AB34-81645CC93BCE}.Debug|Any CPU.ActiveCfg = Debug|Any CPU
		{E65A31FC-A5CA-4567-AB34-81645CC93BCE}.Debug|Any CPU.Build.0 = Debug|Any CPU
		{E65A31FC-A5CA-4567-AB34-81645CC93BCE}.Release|Any CPU.ActiveCfg = Release|Any CPU
		{E65A31FC-A5CA-4567-AB34-81645CC93BCE}.Release|Any CPU.Build.0 = Release|Any CPU
		{57183ED0-BE9D-4221-BF87-DFC4582A343F}.Debug|Any CPU.ActiveCfg = Debug|Any CPU
		{57183ED0-BE9D-4221-BF87-DFC4582A343F}.Debug|Any CPU.Build.0 = Debug|Any CPU
		{57183ED0-BE9D-4221-BF87-DFC4582A343F}.Release|Any CPU.ActiveCfg = Release|Any CPU
		{57183ED0-BE9D-4221-BF87-DFC4582A343F}.Release|Any CPU.Build.0 = Release|Any CPU
		{03B1C675-A2D0-4286-80D8-C36FD6A1F0B5}.Debug|Any CPU.ActiveCfg = Debug|Any CPU
		{03B1C675-A2D0-4286-80D8-C36FD6A1F0B5}.Debug|Any CPU.Build.0 = Debug|Any CPU
		{03B1C675-A2D0-4286-80D8-C36FD6A1F0B5}.Release|Any CPU.ActiveCfg = Release|Any CPU
		{03B1C675-A2D0-4286-80D8-C36FD6A1F0B5}.Release|Any CPU.Build.0 = Release|Any CPU
	EndGlobalSection
	GlobalSection(SolutionProperties) = preSolution
		HideSolutionNode = FALSE
	EndGlobalSection
	GlobalSection(ExtensibilityGlobals) = postSolution
		SolutionGuid = {BB4DBCC4-5ECF-43CE-A08B-4863409E41B7}
	EndGlobalSection
EndGlobal
